// !$*UTF8*$!
{
	archiveVersion = 1;
	classes = {
	};
	objectVersion = 56;
	objects = {

/* Begin PBXBuildFile section */
		09133B162974E7CD00598F91 /* DiffableDataSourceTableViewController.swift in Sources */ = {isa = PBXBuildFile; fileRef = 09133B152974E7CD00598F91 /* DiffableDataSourceTableViewController.swift */; };
		09133B182974E92800598F91 /* SectionModel.swift in Sources */ = {isa = PBXBuildFile; fileRef = 09133B172974E92800598F91 /* SectionModel.swift */; };
		09133B1A297C309B00598F91 /* CollectionListDefaultCellViewController.swift in Sources */ = {isa = PBXBuildFile; fileRef = 09133B19297C309B00598F91 /* CollectionListDefaultCellViewController.swift */; };
		09133B1C297C343E00598F91 /* CollectionListCell.swift in Sources */ = {isa = PBXBuildFile; fileRef = 09133B1B297C343E00598F91 /* CollectionListCell.swift */; };
		0932BC2629881506007E2324 /* CollectionBaseViewController.swift in Sources */ = {isa = PBXBuildFile; fileRef = 0932BC2529881506007E2324 /* CollectionBaseViewController.swift */; };
		0932BC2C298EA919007E2324 /* BaseViewController.swift in Sources */ = {isa = PBXBuildFile; fileRef = 0932BC2B298EA919007E2324 /* BaseViewController.swift */; };
		0932BC2E298EB180007E2324 /* ListDetail.swift in Sources */ = {isa = PBXBuildFile; fileRef = 0932BC2D298EB180007E2324 /* ListDetail.swift */; };
		0932BC30298FF3BD007E2324 /* TableBaseViewController.swift in Sources */ = {isa = PBXBuildFile; fileRef = 0932BC2F298FF3BD007E2324 /* TableBaseViewController.swift */; };
		0932BC3229916A2C007E2324 /* ForEachList.swift in Sources */ = {isa = PBXBuildFile; fileRef = 0932BC3129916A2C007E2324 /* ForEachList.swift */; };
		094D700E296B52DA00525E2B /* ListFlavor.swift in Sources */ = {isa = PBXBuildFile; fileRef = 094D700D296B52DA00525E2B /* ListFlavor.swift */; };
		094D7010296B7CEE00525E2B /* StackedListViewController.swift in Sources */ = {isa = PBXBuildFile; fileRef = 094D700F296B7CEE00525E2B /* StackedListViewController.swift */; };
		094D7012296B7F4F00525E2B /* CellContentView.swift in Sources */ = {isa = PBXBuildFile; fileRef = 094D7011296B7F4F00525E2B /* CellContentView.swift */; };
		094D7016296CE5A100525E2B /* AncientTableViewController.swift in Sources */ = {isa = PBXBuildFile; fileRef = 094D7015296CE5A100525E2B /* AncientTableViewController.swift */; };
		094D7018296CEA5400525E2B /* TableListCell.swift in Sources */ = {isa = PBXBuildFile; fileRef = 094D7017296CEA5400525E2B /* TableListCell.swift */; };
		094D701A2973602000525E2B /* CellModel.swift in Sources */ = {isa = PBXBuildFile; fileRef = 094D70192973602000525E2B /* CellModel.swift */; };
		0962B393296B43DD00457F09 /* AppDelegate.swift in Sources */ = {isa = PBXBuildFile; fileRef = 0962B392296B43DD00457F09 /* AppDelegate.swift */; };
		0962B395296B43DD00457F09 /* SceneDelegate.swift in Sources */ = {isa = PBXBuildFile; fileRef = 0962B394296B43DD00457F09 /* SceneDelegate.swift */; };
		0962B39A296B43DD00457F09 /* Main.storyboard in Resources */ = {isa = PBXBuildFile; fileRef = 0962B398296B43DD00457F09 /* Main.storyboard */; };
		0962B39C296B43DE00457F09 /* Assets.xcassets in Resources */ = {isa = PBXBuildFile; fileRef = 0962B39B296B43DE00457F09 /* Assets.xcassets */; };
		0962B39F296B43DE00457F09 /* LaunchScreen.storyboard in Resources */ = {isa = PBXBuildFile; fileRef = 0962B39D296B43DE00457F09 /* LaunchScreen.storyboard */; };
		0962B3AA296B43DE00457F09 /* Tables2023Tests.swift in Sources */ = {isa = PBXBuildFile; fileRef = 0962B3A9296B43DE00457F09 /* Tables2023Tests.swift */; };
		0962B3B4296B43DE00457F09 /* Tables2023UITests.swift in Sources */ = {isa = PBXBuildFile; fileRef = 0962B3B3296B43DE00457F09 /* Tables2023UITests.swift */; };
		0962B3B6296B43DE00457F09 /* Tables2023UITestsLaunchTests.swift in Sources */ = {isa = PBXBuildFile; fileRef = 0962B3B5296B43DE00457F09 /* Tables2023UITestsLaunchTests.swift */; };
		096F18BB297D8C00004A5740 /* CollectionListCustomCellViewController.swift in Sources */ = {isa = PBXBuildFile; fileRef = 096F18BA297D8C00004A5740 /* CollectionListCustomCellViewController.swift */; };
		096F18BD297D8E1C004A5740 /* CollectionListHostingConfiguration.swift in Sources */ = {isa = PBXBuildFile; fileRef = 096F18BC297D8E1C004A5740 /* CollectionListHostingConfiguration.swift */; };
		096F18BF297D9292004A5740 /* Cell.swift in Sources */ = {isa = PBXBuildFile; fileRef = 096F18BE297D9292004A5740 /* Cell.swift */; };
		096F18C129856DDD004A5740 /* DefaultList.swift in Sources */ = {isa = PBXBuildFile; fileRef = 096F18C029856DDD004A5740 /* DefaultList.swift */; };
		09FB2E39296B4B3200C8E70C /* ListViewModel.swift in Sources */ = {isa = PBXBuildFile; fileRef = 09FB2E38296B4B3200C8E70C /* ListViewModel.swift */; };
		09FB2E3C296B4BD200C8E70C /* HomeViewController.swift in Sources */ = {isa = PBXBuildFile; fileRef = 09FB2E3B296B4BD200C8E70C /* HomeViewController.swift */; };
/* End PBXBuildFile section */

/* Begin PBXContainerItemProxy section */
		0962B3A6296B43DE00457F09 /* PBXContainerItemProxy */ = {
			isa = PBXContainerItemProxy;
			containerPortal = 0962B387296B43DD00457F09 /* Project object */;
			proxyType = 1;
			remoteGlobalIDString = 0962B38E296B43DD00457F09;
			remoteInfo = Tables2023;
		};
		0962B3B0296B43DE00457F09 /* PBXContainerItemProxy */ = {
			isa = PBXContainerItemProxy;
			containerPortal = 0962B387296B43DD00457F09 /* Project object */;
			proxyType = 1;
			remoteGlobalIDString = 0962B38E296B43DD00457F09;
			remoteInfo = Tables2023;
		};
/* End PBXContainerItemProxy section */

/* Begin PBXFileReference section */
		09133B152974E7CD00598F91 /* DiffableDataSourceTableViewController.swift */ = {isa = PBXFileReference; lastKnownFileType = sourcecode.swift; path = DiffableDataSourceTableViewController.swift; sourceTree = "<group>"; };
		09133B172974E92800598F91 /* SectionModel.swift */ = {isa = PBXFileReference; lastKnownFileType = sourcecode.swift; path = SectionModel.swift; sourceTree = "<group>"; };
		09133B19297C309B00598F91 /* CollectionListDefaultCellViewController.swift */ = {isa = PBXFileReference; lastKnownFileType = sourcecode.swift; path = CollectionListDefaultCellViewController.swift; sourceTree = "<group>"; };
		09133B1B297C343E00598F91 /* CollectionListCell.swift */ = {isa = PBXFileReference; lastKnownFileType = sourcecode.swift; path = CollectionListCell.swift; sourceTree = "<group>"; };
		0932BC2529881506007E2324 /* CollectionBaseViewController.swift */ = {isa = PBXFileReference; lastKnownFileType = sourcecode.swift; path = CollectionBaseViewController.swift; sourceTree = "<group>"; };
		0932BC2B298EA919007E2324 /* BaseViewController.swift */ = {isa = PBXFileReference; lastKnownFileType = sourcecode.swift; path = BaseViewController.swift; sourceTree = "<group>"; };
		0932BC2D298EB180007E2324 /* ListDetail.swift */ = {isa = PBXFileReference; lastKnownFileType = sourcecode.swift; path = ListDetail.swift; sourceTree = "<group>"; };
		0932BC2F298FF3BD007E2324 /* TableBaseViewController.swift */ = {isa = PBXFileReference; lastKnownFileType = sourcecode.swift; path = TableBaseViewController.swift; sourceTree = "<group>"; };
		0932BC3129916A2C007E2324 /* ForEachList.swift */ = {isa = PBXFileReference; lastKnownFileType = sourcecode.swift; path = ForEachList.swift; sourceTree = "<group>"; };
		094D700D296B52DA00525E2B /* ListFlavor.swift */ = {isa = PBXFileReference; lastKnownFileType = sourcecode.swift; path = ListFlavor.swift; sourceTree = "<group>"; };
		094D700F296B7CEE00525E2B /* StackedListViewController.swift */ = {isa = PBXFileReference; lastKnownFileType = sourcecode.swift; path = StackedListViewController.swift; sourceTree = "<group>"; };
		094D7011296B7F4F00525E2B /* CellContentView.swift */ = {isa = PBXFileReference; lastKnownFileType = sourcecode.swift; path = CellContentView.swift; sourceTree = "<group>"; };
		094D7015296CE5A100525E2B /* AncientTableViewController.swift */ = {isa = PBXFileReference; lastKnownFileType = sourcecode.swift; path = AncientTableViewController.swift; sourceTree = "<group>"; };
		094D7017296CEA5400525E2B /* TableListCell.swift */ = {isa = PBXFileReference; lastKnownFileType = sourcecode.swift; path = TableListCell.swift; sourceTree = "<group>"; };
		094D70192973602000525E2B /* CellModel.swift */ = {isa = PBXFileReference; lastKnownFileType = sourcecode.swift; path = CellModel.swift; sourceTree = "<group>"; };
		0962B38F296B43DD00457F09 /* Tables2023.app */ = {isa = PBXFileReference; explicitFileType = wrapper.application; includeInIndex = 0; path = Tables2023.app; sourceTree = BUILT_PRODUCTS_DIR; };
		0962B392296B43DD00457F09 /* AppDelegate.swift */ = {isa = PBXFileReference; lastKnownFileType = sourcecode.swift; path = AppDelegate.swift; sourceTree = "<group>"; };
		0962B394296B43DD00457F09 /* SceneDelegate.swift */ = {isa = PBXFileReference; lastKnownFileType = sourcecode.swift; path = SceneDelegate.swift; sourceTree = "<group>"; };
		0962B399296B43DD00457F09 /* Base */ = {isa = PBXFileReference; lastKnownFileType = file.storyboard; name = Base; path = Base.lproj/Main.storyboard; sourceTree = "<group>"; };
		0962B39B296B43DE00457F09 /* Assets.xcassets */ = {isa = PBXFileReference; lastKnownFileType = folder.assetcatalog; path = Assets.xcassets; sourceTree = "<group>"; };
		0962B39E296B43DE00457F09 /* Base */ = {isa = PBXFileReference; lastKnownFileType = file.storyboard; name = Base; path = Base.lproj/LaunchScreen.storyboard; sourceTree = "<group>"; };
		0962B3A0296B43DE00457F09 /* Info.plist */ = {isa = PBXFileReference; lastKnownFileType = text.plist.xml; path = Info.plist; sourceTree = "<group>"; };
		0962B3A5296B43DE00457F09 /* Tables2023Tests.xctest */ = {isa = PBXFileReference; explicitFileType = wrapper.cfbundle; includeInIndex = 0; path = Tables2023Tests.xctest; sourceTree = BUILT_PRODUCTS_DIR; };
		0962B3A9296B43DE00457F09 /* Tables2023Tests.swift */ = {isa = PBXFileReference; lastKnownFileType = sourcecode.swift; path = Tables2023Tests.swift; sourceTree = "<group>"; };
		0962B3AF296B43DE00457F09 /* Tables2023UITests.xctest */ = {isa = PBXFileReference; explicitFileType = wrapper.cfbundle; includeInIndex = 0; path = Tables2023UITests.xctest; sourceTree = BUILT_PRODUCTS_DIR; };
		0962B3B3296B43DE00457F09 /* Tables2023UITests.swift */ = {isa = PBXFileReference; lastKnownFileType = sourcecode.swift; path = Tables2023UITests.swift; sourceTree = "<group>"; };
		0962B3B5296B43DE00457F09 /* Tables2023UITestsLaunchTests.swift */ = {isa = PBXFileReference; lastKnownFileType = sourcecode.swift; path = Tables2023UITestsLaunchTests.swift; sourceTree = "<group>"; };
		096F18BA297D8C00004A5740 /* CollectionListCustomCellViewController.swift */ = {isa = PBXFileReference; lastKnownFileType = sourcecode.swift; path = CollectionListCustomCellViewController.swift; sourceTree = "<group>"; };
		096F18BC297D8E1C004A5740 /* CollectionListHostingConfiguration.swift */ = {isa = PBXFileReference; lastKnownFileType = sourcecode.swift; path = CollectionListHostingConfiguration.swift; sourceTree = "<group>"; };
		096F18BE297D9292004A5740 /* Cell.swift */ = {isa = PBXFileReference; lastKnownFileType = sourcecode.swift; path = Cell.swift; sourceTree = "<group>"; };
		096F18C029856DDD004A5740 /* DefaultList.swift */ = {isa = PBXFileReference; lastKnownFileType = sourcecode.swift; path = DefaultList.swift; sourceTree = "<group>"; };
		09FB2E38296B4B3200C8E70C /* ListViewModel.swift */ = {isa = PBXFileReference; lastKnownFileType = sourcecode.swift; path = ListViewModel.swift; sourceTree = "<group>"; };
		09FB2E3B296B4BD200C8E70C /* HomeViewController.swift */ = {isa = PBXFileReference; lastKnownFileType = sourcecode.swift; path = HomeViewController.swift; sourceTree = "<group>"; };
/* End PBXFileReference section */

/* Begin PBXFrameworksBuildPhase section */
		0962B38C296B43DD00457F09 /* Frameworks */ = {
			isa = PBXFrameworksBuildPhase;
			buildActionMask = 2147483647;
			files = (
			);
			runOnlyForDeploymentPostprocessing = 0;
		};
		0962B3A2296B43DE00457F09 /* Frameworks */ = {
			isa = PBXFrameworksBuildPhase;
			buildActionMask = 2147483647;
			files = (
			);
			runOnlyForDeploymentPostprocessing = 0;
		};
		0962B3AC296B43DE00457F09 /* Frameworks */ = {
			isa = PBXFrameworksBuildPhase;
			buildActionMask = 2147483647;
			files = (
			);
			runOnlyForDeploymentPostprocessing = 0;
		};
/* End PBXFrameworksBuildPhase section */

/* Begin PBXGroup section */
		0932BC24298811EE007E2324 /* Base */ = {
			isa = PBXGroup;
			children = (
				0932BC2B298EA919007E2324 /* BaseViewController.swift */,
				0932BC2529881506007E2324 /* CollectionBaseViewController.swift */,
				0932BC2F298FF3BD007E2324 /* TableBaseViewController.swift */,
			);
			path = Base;
			sourceTree = "<group>";
		};
		0932BC2729881516007E2324 /* TableView */ = {
			isa = PBXGroup;
			children = (
				094D7015296CE5A100525E2B /* AncientTableViewController.swift */,
				09133B152974E7CD00598F91 /* DiffableDataSourceTableViewController.swift */,
			);
			path = TableView;
			sourceTree = "<group>";
		};
		0932BC282988152B007E2324 /* CollectionView */ = {
			isa = PBXGroup;
			children = (
				09133B19297C309B00598F91 /* CollectionListDefaultCellViewController.swift */,
				096F18BA297D8C00004A5740 /* CollectionListCustomCellViewController.swift */,
				096F18BC297D8E1C004A5740 /* CollectionListHostingConfiguration.swift */,
			);
			path = CollectionView;
			sourceTree = "<group>";
		};
		0932BC2929881539007E2324 /* SwiftUI */ = {
			isa = PBXGroup;
			children = (
				096F18C029856DDD004A5740 /* DefaultList.swift */,
				0932BC3129916A2C007E2324 /* ForEachList.swift */,
			);
			path = SwiftUI;
			sourceTree = "<group>";
		};
		0932BC2A29881544007E2324 /* Custom */ = {
			isa = PBXGroup;
			children = (
				094D700F296B7CEE00525E2B /* StackedListViewController.swift */,
			);
			path = Custom;
			sourceTree = "<group>";
		};
		094D701B2973618200525E2B /* Cell */ = {
			isa = PBXGroup;
			children = (
				094D7011296B7F4F00525E2B /* CellContentView.swift */,
				09133B1B297C343E00598F91 /* CollectionListCell.swift */,
				094D7017296CEA5400525E2B /* TableListCell.swift */,
				096F18BE297D9292004A5740 /* Cell.swift */,
			);
			path = Cell;
			sourceTree = "<group>";
		};
		094D701C2973626400525E2B /* Lists */ = {
			isa = PBXGroup;
			children = (
				0932BC24298811EE007E2324 /* Base */,
				0932BC2A29881544007E2324 /* Custom */,
				0932BC2929881539007E2324 /* SwiftUI */,
				0932BC282988152B007E2324 /* CollectionView */,
				0932BC2729881516007E2324 /* TableView */,
			);
			path = Lists;
			sourceTree = "<group>";
		};
		0962B386296B43DD00457F09 = {
			isa = PBXGroup;
			children = (
				0962B391296B43DD00457F09 /* Tables2023 */,
				0962B3A8296B43DE00457F09 /* Tables2023Tests */,
				0962B3B2296B43DE00457F09 /* Tables2023UITests */,
				0962B390296B43DD00457F09 /* Products */,
			);
			sourceTree = "<group>";
		};
		0962B390296B43DD00457F09 /* Products */ = {
			isa = PBXGroup;
			children = (
				0962B38F296B43DD00457F09 /* Tables2023.app */,
				0962B3A5296B43DE00457F09 /* Tables2023Tests.xctest */,
				0962B3AF296B43DE00457F09 /* Tables2023UITests.xctest */,
			);
			name = Products;
			sourceTree = "<group>";
		};
		0962B391296B43DD00457F09 /* Tables2023 */ = {
			isa = PBXGroup;
			children = (
				09FB2E33296B44D500C8E70C /* Main */,
				09FB2E34296B44EB00C8E70C /* Resources */,
				09FB2E36296B4A7200C8E70C /* Scenes */,
			);
			path = Tables2023;
			sourceTree = "<group>";
		};
		0962B3A8296B43DE00457F09 /* Tables2023Tests */ = {
			isa = PBXGroup;
			children = (
				0962B3A9296B43DE00457F09 /* Tables2023Tests.swift */,
			);
			path = Tables2023Tests;
			sourceTree = "<group>";
		};
		0962B3B2296B43DE00457F09 /* Tables2023UITests */ = {
			isa = PBXGroup;
			children = (
				0962B3B3296B43DE00457F09 /* Tables2023UITests.swift */,
				0962B3B5296B43DE00457F09 /* Tables2023UITestsLaunchTests.swift */,
			);
			path = Tables2023UITests;
			sourceTree = "<group>";
		};
		09FB2E32296B44C300C8E70C /* Views */ = {
			isa = PBXGroup;
			children = (
				09FB2E3B296B4BD200C8E70C /* HomeViewController.swift */,
				094D701B2973618200525E2B /* Cell */,
				094D701C2973626400525E2B /* Lists */,
				0932BC2D298EB180007E2324 /* ListDetail.swift */,
			);
			path = Views;
			sourceTree = "<group>";
		};
		09FB2E33296B44D500C8E70C /* Main */ = {
			isa = PBXGroup;
			children = (
				0962B392296B43DD00457F09 /* AppDelegate.swift */,
				0962B394296B43DD00457F09 /* SceneDelegate.swift */,
				0962B3A0296B43DE00457F09 /* Info.plist */,
			);
			path = Main;
			sourceTree = "<group>";
		};
		09FB2E34296B44EB00C8E70C /* Resources */ = {
			isa = PBXGroup;
			children = (
				0962B39B296B43DE00457F09 /* Assets.xcassets */,
				0962B39D296B43DE00457F09 /* LaunchScreen.storyboard */,
				0962B398296B43DD00457F09 /* Main.storyboard */,
			);
			path = Resources;
			sourceTree = "<group>";
		};
		09FB2E35296B47F100C8E70C /* Models */ = {
			isa = PBXGroup;
			children = (
				094D70192973602000525E2B /* CellModel.swift */,
				094D700D296B52DA00525E2B /* ListFlavor.swift */,
				09133B172974E92800598F91 /* SectionModel.swift */,
			);
			path = Models;
			sourceTree = "<group>";
		};
		09FB2E36296B4A7200C8E70C /* Scenes */ = {
			isa = PBXGroup;
			children = (
				09FB2E37296B4A7E00C8E70C /* List */,
			);
			path = Scenes;
			sourceTree = "<group>";
		};
		09FB2E37296B4A7E00C8E70C /* List */ = {
			isa = PBXGroup;
			children = (
				09FB2E3A296B4B3700C8E70C /* ViewModel */,
				09FB2E35296B47F100C8E70C /* Models */,
				09FB2E32296B44C300C8E70C /* Views */,
			);
			path = List;
			sourceTree = "<group>";
		};
		09FB2E3A296B4B3700C8E70C /* ViewModel */ = {
			isa = PBXGroup;
			children = (
				09FB2E38296B4B3200C8E70C /* ListViewModel.swift */,
			);
			path = ViewModel;
			sourceTree = "<group>";
		};
/* End PBXGroup section */

/* Begin PBXNativeTarget section */
		0962B38E296B43DD00457F09 /* Tables2023 */ = {
			isa = PBXNativeTarget;
			buildConfigurationList = 0962B3B9296B43DE00457F09 /* Build configuration list for PBXNativeTarget "Tables2023" */;
			buildPhases = (
				0962B38B296B43DD00457F09 /* Sources */,
				0962B38C296B43DD00457F09 /* Frameworks */,
				0962B38D296B43DD00457F09 /* Resources */,
			);
			buildRules = (
			);
			dependencies = (
			);
			name = Tables2023;
			productName = Tables2023;
			productReference = 0962B38F296B43DD00457F09 /* Tables2023.app */;
			productType = "com.apple.product-type.application";
		};
		0962B3A4296B43DE00457F09 /* Tables2023Tests */ = {
			isa = PBXNativeTarget;
			buildConfigurationList = 0962B3BC296B43DE00457F09 /* Build configuration list for PBXNativeTarget "Tables2023Tests" */;
			buildPhases = (
				0962B3A1296B43DE00457F09 /* Sources */,
				0962B3A2296B43DE00457F09 /* Frameworks */,
				0962B3A3296B43DE00457F09 /* Resources */,
			);
			buildRules = (
			);
			dependencies = (
				0962B3A7296B43DE00457F09 /* PBXTargetDependency */,
			);
			name = Tables2023Tests;
			productName = Tables2023Tests;
			productReference = 0962B3A5296B43DE00457F09 /* Tables2023Tests.xctest */;
			productType = "com.apple.product-type.bundle.unit-test";
		};
		0962B3AE296B43DE00457F09 /* Tables2023UITests */ = {
			isa = PBXNativeTarget;
			buildConfigurationList = 0962B3BF296B43DE00457F09 /* Build configuration list for PBXNativeTarget "Tables2023UITests" */;
			buildPhases = (
				0962B3AB296B43DE00457F09 /* Sources */,
				0962B3AC296B43DE00457F09 /* Frameworks */,
				0962B3AD296B43DE00457F09 /* Resources */,
			);
			buildRules = (
			);
			dependencies = (
				0962B3B1296B43DE00457F09 /* PBXTargetDependency */,
			);
			name = Tables2023UITests;
			productName = Tables2023UITests;
			productReference = 0962B3AF296B43DE00457F09 /* Tables2023UITests.xctest */;
			productType = "com.apple.product-type.bundle.ui-testing";
		};
/* End PBXNativeTarget section */

/* Begin PBXProject section */
		0962B387296B43DD00457F09 /* Project object */ = {
			isa = PBXProject;
			attributes = {
				BuildIndependentTargetsInParallel = 1;
				LastSwiftUpdateCheck = 1420;
				LastUpgradeCheck = 1420;
				TargetAttributes = {
					0962B38E296B43DD00457F09 = {
						CreatedOnToolsVersion = 14.2;
					};
					0962B3A4296B43DE00457F09 = {
						CreatedOnToolsVersion = 14.2;
						TestTargetID = 0962B38E296B43DD00457F09;
					};
					0962B3AE296B43DE00457F09 = {
						CreatedOnToolsVersion = 14.2;
						TestTargetID = 0962B38E296B43DD00457F09;
					};
				};
			};
			buildConfigurationList = 0962B38A296B43DD00457F09 /* Build configuration list for PBXProject "Tables2023" */;
			compatibilityVersion = "Xcode 14.0";
			developmentRegion = en;
			hasScannedForEncodings = 0;
			knownRegions = (
				en,
				Base,
			);
			mainGroup = 0962B386296B43DD00457F09;
			productRefGroup = 0962B390296B43DD00457F09 /* Products */;
			projectDirPath = "";
			projectRoot = "";
			targets = (
				0962B38E296B43DD00457F09 /* Tables2023 */,
				0962B3A4296B43DE00457F09 /* Tables2023Tests */,
				0962B3AE296B43DE00457F09 /* Tables2023UITests */,
			);
		};
/* End PBXProject section */

/* Begin PBXResourcesBuildPhase section */
		0962B38D296B43DD00457F09 /* Resources */ = {
			isa = PBXResourcesBuildPhase;
			buildActionMask = 2147483647;
			files = (
				0962B39F296B43DE00457F09 /* LaunchScreen.storyboard in Resources */,
				0962B39C296B43DE00457F09 /* Assets.xcassets in Resources */,
				0962B39A296B43DD00457F09 /* Main.storyboard in Resources */,
			);
			runOnlyForDeploymentPostprocessing = 0;
		};
		0962B3A3296B43DE00457F09 /* Resources */ = {
			isa = PBXResourcesBuildPhase;
			buildActionMask = 2147483647;
			files = (
			);
			runOnlyForDeploymentPostprocessing = 0;
		};
		0962B3AD296B43DE00457F09 /* Resources */ = {
			isa = PBXResourcesBuildPhase;
			buildActionMask = 2147483647;
			files = (
			);
			runOnlyForDeploymentPostprocessing = 0;
		};
/* End PBXResourcesBuildPhase section */

/* Begin PBXSourcesBuildPhase section */
		0962B38B296B43DD00457F09 /* Sources */ = {
			isa = PBXSourcesBuildPhase;
			buildActionMask = 2147483647;
			files = (
				094D701A2973602000525E2B /* CellModel.swift in Sources */,
				094D7016296CE5A100525E2B /* AncientTableViewController.swift in Sources */,
				0962B393296B43DD00457F09 /* AppDelegate.swift in Sources */,
				0932BC3229916A2C007E2324 /* ForEachList.swift in Sources */,
				094D7010296B7CEE00525E2B /* StackedListViewController.swift in Sources */,
				096F18BB297D8C00004A5740 /* CollectionListCustomCellViewController.swift in Sources */,
				0932BC2C298EA919007E2324 /* BaseViewController.swift in Sources */,
				096F18BF297D9292004A5740 /* Cell.swift in Sources */,
				0932BC2E298EB180007E2324 /* ListDetail.swift in Sources */,
				094D7012296B7F4F00525E2B /* CellContentView.swift in Sources */,
				09FB2E39296B4B3200C8E70C /* ListViewModel.swift in Sources */,
				09FB2E3C296B4BD200C8E70C /* HomeViewController.swift in Sources */,
				09133B162974E7CD00598F91 /* DiffableDataSourceTableViewController.swift in Sources */,
				09133B182974E92800598F91 /* SectionModel.swift in Sources */,
				0932BC2629881506007E2324 /* CollectionBaseViewController.swift in Sources */,
				094D7018296CEA5400525E2B /* TableListCell.swift in Sources */,
				094D700E296B52DA00525E2B /* ListFlavor.swift in Sources */,
				09133B1A297C309B00598F91 /* CollectionListDefaultCellViewController.swift in Sources */,
				0962B395296B43DD00457F09 /* SceneDelegate.swift in Sources */,
				09133B1C297C343E00598F91 /* CollectionListCell.swift in Sources */,
				096F18BD297D8E1C004A5740 /* CollectionListHostingConfiguration.swift in Sources */,
				0932BC30298FF3BD007E2324 /* TableBaseViewController.swift in Sources */,
				096F18C129856DDD004A5740 /* DefaultList.swift in Sources */,
			);
			runOnlyForDeploymentPostprocessing = 0;
		};
		0962B3A1296B43DE00457F09 /* Sources */ = {
			isa = PBXSourcesBuildPhase;
			buildActionMask = 2147483647;
			files = (
				0962B3AA296B43DE00457F09 /* Tables2023Tests.swift in Sources */,
			);
			runOnlyForDeploymentPostprocessing = 0;
		};
		0962B3AB296B43DE00457F09 /* Sources */ = {
			isa = PBXSourcesBuildPhase;
			buildActionMask = 2147483647;
			files = (
				0962B3B6296B43DE00457F09 /* Tables2023UITestsLaunchTests.swift in Sources */,
				0962B3B4296B43DE00457F09 /* Tables2023UITests.swift in Sources */,
			);
			runOnlyForDeploymentPostprocessing = 0;
		};
/* End PBXSourcesBuildPhase section */

/* Begin PBXTargetDependency section */
		0962B3A7296B43DE00457F09 /* PBXTargetDependency */ = {
			isa = PBXTargetDependency;
			target = 0962B38E296B43DD00457F09 /* Tables2023 */;
			targetProxy = 0962B3A6296B43DE00457F09 /* PBXContainerItemProxy */;
		};
		0962B3B1296B43DE00457F09 /* PBXTargetDependency */ = {
			isa = PBXTargetDependency;
			target = 0962B38E296B43DD00457F09 /* Tables2023 */;
			targetProxy = 0962B3B0296B43DE00457F09 /* PBXContainerItemProxy */;
		};
/* End PBXTargetDependency section */

/* Begin PBXVariantGroup section */
		0962B398296B43DD00457F09 /* Main.storyboard */ = {
			isa = PBXVariantGroup;
			children = (
				0962B399296B43DD00457F09 /* Base */,
			);
			name = Main.storyboard;
			sourceTree = "<group>";
		};
		0962B39D296B43DE00457F09 /* LaunchScreen.storyboard */ = {
			isa = PBXVariantGroup;
			children = (
				0962B39E296B43DE00457F09 /* Base */,
			);
			name = LaunchScreen.storyboard;
			sourceTree = "<group>";
		};
/* End PBXVariantGroup section */

/* Begin XCBuildConfiguration section */
		0962B3B7296B43DE00457F09 /* Debug */ = {
			isa = XCBuildConfiguration;
			buildSettings = {
				ALWAYS_SEARCH_USER_PATHS = NO;
				CLANG_ANALYZER_NONNULL = YES;
				CLANG_ANALYZER_NUMBER_OBJECT_CONVERSION = YES_AGGRESSIVE;
				CLANG_CXX_LANGUAGE_STANDARD = "gnu++20";
				CLANG_ENABLE_MODULES = YES;
				CLANG_ENABLE_OBJC_ARC = YES;
				CLANG_ENABLE_OBJC_WEAK = YES;
				CLANG_WARN_BLOCK_CAPTURE_AUTORELEASING = YES;
				CLANG_WARN_BOOL_CONVERSION = YES;
				CLANG_WARN_COMMA = YES;
				CLANG_WARN_CONSTANT_CONVERSION = YES;
				CLANG_WARN_DEPRECATED_OBJC_IMPLEMENTATIONS = YES;
				CLANG_WARN_DIRECT_OBJC_ISA_USAGE = YES_ERROR;
				CLANG_WARN_DOCUMENTATION_COMMENTS = YES;
				CLANG_WARN_EMPTY_BODY = YES;
				CLANG_WARN_ENUM_CONVERSION = YES;
				CLANG_WARN_INFINITE_RECURSION = YES;
				CLANG_WARN_INT_CONVERSION = YES;
				CLANG_WARN_NON_LITERAL_NULL_CONVERSION = YES;
				CLANG_WARN_OBJC_IMPLICIT_RETAIN_SELF = YES;
				CLANG_WARN_OBJC_LITERAL_CONVERSION = YES;
				CLANG_WARN_OBJC_ROOT_CLASS = YES_ERROR;
				CLANG_WARN_QUOTED_INCLUDE_IN_FRAMEWORK_HEADER = YES;
				CLANG_WARN_RANGE_LOOP_ANALYSIS = YES;
				CLANG_WARN_STRICT_PROTOTYPES = YES;
				CLANG_WARN_SUSPICIOUS_MOVE = YES;
				CLANG_WARN_UNGUARDED_AVAILABILITY = YES_AGGRESSIVE;
				CLANG_WARN_UNREACHABLE_CODE = YES;
				CLANG_WARN__DUPLICATE_METHOD_MATCH = YES;
				COPY_PHASE_STRIP = NO;
				DEBUG_INFORMATION_FORMAT = dwarf;
				ENABLE_STRICT_OBJC_MSGSEND = YES;
				ENABLE_TESTABILITY = YES;
				GCC_C_LANGUAGE_STANDARD = gnu11;
				GCC_DYNAMIC_NO_PIC = NO;
				GCC_NO_COMMON_BLOCKS = YES;
				GCC_OPTIMIZATION_LEVEL = 0;
				GCC_PREPROCESSOR_DEFINITIONS = (
					"DEBUG=1",
					"$(inherited)",
				);
				GCC_WARN_64_TO_32_BIT_CONVERSION = YES;
				GCC_WARN_ABOUT_RETURN_TYPE = YES_ERROR;
				GCC_WARN_UNDECLARED_SELECTOR = YES;
				GCC_WARN_UNINITIALIZED_AUTOS = YES_AGGRESSIVE;
				GCC_WARN_UNUSED_FUNCTION = YES;
				GCC_WARN_UNUSED_VARIABLE = YES;
				IPHONEOS_DEPLOYMENT_TARGET = 16.2;
				MTL_ENABLE_DEBUG_INFO = INCLUDE_SOURCE;
				MTL_FAST_MATH = YES;
				ONLY_ACTIVE_ARCH = YES;
				SDKROOT = iphoneos;
				SWIFT_ACTIVE_COMPILATION_CONDITIONS = DEBUG;
				SWIFT_OPTIMIZATION_LEVEL = "-Onone";
			};
			name = Debug;
		};
		0962B3B8296B43DE00457F09 /* Release */ = {
			isa = XCBuildConfiguration;
			buildSettings = {
				ALWAYS_SEARCH_USER_PATHS = NO;
				CLANG_ANALYZER_NONNULL = YES;
				CLANG_ANALYZER_NUMBER_OBJECT_CONVERSION = YES_AGGRESSIVE;
				CLANG_CXX_LANGUAGE_STANDARD = "gnu++20";
				CLANG_ENABLE_MODULES = YES;
				CLANG_ENABLE_OBJC_ARC = YES;
				CLANG_ENABLE_OBJC_WEAK = YES;
				CLANG_WARN_BLOCK_CAPTURE_AUTORELEASING = YES;
				CLANG_WARN_BOOL_CONVERSION = YES;
				CLANG_WARN_COMMA = YES;
				CLANG_WARN_CONSTANT_CONVERSION = YES;
				CLANG_WARN_DEPRECATED_OBJC_IMPLEMENTATIONS = YES;
				CLANG_WARN_DIRECT_OBJC_ISA_USAGE = YES_ERROR;
				CLANG_WARN_DOCUMENTATION_COMMENTS = YES;
				CLANG_WARN_EMPTY_BODY = YES;
				CLANG_WARN_ENUM_CONVERSION = YES;
				CLANG_WARN_INFINITE_RECURSION = YES;
				CLANG_WARN_INT_CONVERSION = YES;
				CLANG_WARN_NON_LITERAL_NULL_CONVERSION = YES;
				CLANG_WARN_OBJC_IMPLICIT_RETAIN_SELF = YES;
				CLANG_WARN_OBJC_LITERAL_CONVERSION = YES;
				CLANG_WARN_OBJC_ROOT_CLASS = YES_ERROR;
				CLANG_WARN_QUOTED_INCLUDE_IN_FRAMEWORK_HEADER = YES;
				CLANG_WARN_RANGE_LOOP_ANALYSIS = YES;
				CLANG_WARN_STRICT_PROTOTYPES = YES;
				CLANG_WARN_SUSPICIOUS_MOVE = YES;
				CLANG_WARN_UNGUARDED_AVAILABILITY = YES_AGGRESSIVE;
				CLANG_WARN_UNREACHABLE_CODE = YES;
				CLANG_WARN__DUPLICATE_METHOD_MATCH = YES;
				COPY_PHASE_STRIP = NO;
				DEBUG_INFORMATION_FORMAT = "dwarf-with-dsym";
				ENABLE_NS_ASSERTIONS = NO;
				ENABLE_STRICT_OBJC_MSGSEND = YES;
				GCC_C_LANGUAGE_STANDARD = gnu11;
				GCC_NO_COMMON_BLOCKS = YES;
				GCC_WARN_64_TO_32_BIT_CONVERSION = YES;
				GCC_WARN_ABOUT_RETURN_TYPE = YES_ERROR;
				GCC_WARN_UNDECLARED_SELECTOR = YES;
				GCC_WARN_UNINITIALIZED_AUTOS = YES_AGGRESSIVE;
				GCC_WARN_UNUSED_FUNCTION = YES;
				GCC_WARN_UNUSED_VARIABLE = YES;
				IPHONEOS_DEPLOYMENT_TARGET = 16.2;
				MTL_ENABLE_DEBUG_INFO = NO;
				MTL_FAST_MATH = YES;
				SDKROOT = iphoneos;
				SWIFT_COMPILATION_MODE = wholemodule;
				SWIFT_OPTIMIZATION_LEVEL = "-O";
				VALIDATE_PRODUCT = YES;
			};
			name = Release;
		};
		0962B3BA296B43DE00457F09 /* Debug */ = {
			isa = XCBuildConfiguration;
			buildSettings = {
				ASSETCATALOG_COMPILER_APPICON_NAME = AppIcon;
				ASSETCATALOG_COMPILER_GLOBAL_ACCENT_COLOR_NAME = AccentColor;
				CODE_SIGN_STYLE = Automatic;
				CURRENT_PROJECT_VERSION = 1;
				DEVELOPMENT_TEAM = 4P8A43ABAU;
				GENERATE_INFOPLIST_FILE = YES;
				INFOPLIST_FILE = Tables2023/Main/Info.plist;
				INFOPLIST_KEY_CFBundleDisplayName = "Lists Flavors";
				INFOPLIST_KEY_LSApplicationCategoryType = "public.app-category.education";
				INFOPLIST_KEY_UIApplicationSupportsIndirectInputEvents = YES;
				INFOPLIST_KEY_UILaunchStoryboardName = LaunchScreen;
				INFOPLIST_KEY_UIMainStoryboardFile = Main;
				INFOPLIST_KEY_UISupportedInterfaceOrientations_iPad = "UIInterfaceOrientationPortrait UIInterfaceOrientationPortraitUpsideDown UIInterfaceOrientationLandscapeLeft UIInterfaceOrientationLandscapeRight";
				INFOPLIST_KEY_UISupportedInterfaceOrientations_iPhone = "UIInterfaceOrientationPortrait UIInterfaceOrientationLandscapeLeft UIInterfaceOrientationLandscapeRight";
				IPHONEOS_DEPLOYMENT_TARGET = 16.2;
				LD_RUNPATH_SEARCH_PATHS = (
					"$(inherited)",
					"@executable_path/Frameworks",
				);
				MARKETING_VERSION = 1.0;
				PRODUCT_BUNDLE_IDENTIFIER = com.mrc.Tables2023;
				PRODUCT_NAME = "$(TARGET_NAME)";
				SWIFT_EMIT_LOC_STRINGS = YES;
				SWIFT_VERSION = 5.0;
				TARGETED_DEVICE_FAMILY = "1,2";
			};
			name = Debug;
		};
		0962B3BB296B43DE00457F09 /* Release */ = {
			isa = XCBuildConfiguration;
			buildSettings = {
				ASSETCATALOG_COMPILER_APPICON_NAME = AppIcon;
				ASSETCATALOG_COMPILER_GLOBAL_ACCENT_COLOR_NAME = AccentColor;
				CODE_SIGN_STYLE = Automatic;
				CURRENT_PROJECT_VERSION = 1;
				DEVELOPMENT_TEAM = 4P8A43ABAU;
				GENERATE_INFOPLIST_FILE = YES;
				INFOPLIST_FILE = Tables2023/Main/Info.plist;
				INFOPLIST_KEY_CFBundleDisplayName = "Lists Flavors";
				INFOPLIST_KEY_LSApplicationCategoryType = "public.app-category.education";
				INFOPLIST_KEY_UIApplicationSupportsIndirectInputEvents = YES;
				INFOPLIST_KEY_UILaunchStoryboardName = LaunchScreen;
				INFOPLIST_KEY_UIMainStoryboardFile = Main;
				INFOPLIST_KEY_UISupportedInterfaceOrientations_iPad = "UIInterfaceOrientationPortrait UIInterfaceOrientationPortraitUpsideDown UIInterfaceOrientationLandscapeLeft UIInterfaceOrientationLandscapeRight";
				INFOPLIST_KEY_UISupportedInterfaceOrientations_iPhone = "UIInterfaceOrientationPortrait UIInterfaceOrientationLandscapeLeft UIInterfaceOrientationLandscapeRight";
				IPHONEOS_DEPLOYMENT_TARGET = 16.2;
				LD_RUNPATH_SEARCH_PATHS = (
					"$(inherited)",
					"@executable_path/Frameworks",
				);
				MARKETING_VERSION = 1.0;
				PRODUCT_BUNDLE_IDENTIFIER = com.mrc.Tables2023;
				PRODUCT_NAME = "$(TARGET_NAME)";
				SWIFT_EMIT_LOC_STRINGS = YES;
				SWIFT_VERSION = 5.0;
				TARGETED_DEVICE_FAMILY = "1,2";
			};
			name = Release;
		};
		0962B3BD296B43DE00457F09 /* Debug */ = {
			isa = XCBuildConfiguration;
			buildSettings = {
				ALWAYS_EMBED_SWIFT_STANDARD_LIBRARIES = YES;
				BUNDLE_LOADER = "$(TEST_HOST)";
				CODE_SIGN_STYLE = Automatic;
				CURRENT_PROJECT_VERSION = 1;
				DEVELOPMENT_TEAM = 4P8A43ABAU;
				GENERATE_INFOPLIST_FILE = YES;
				IPHONEOS_DEPLOYMENT_TARGET = 16.2;
				MARKETING_VERSION = 1.0;
				PRODUCT_BUNDLE_IDENTIFIER = com.mrc.Tables2023Tests;
				PRODUCT_NAME = "$(TARGET_NAME)";
				SWIFT_EMIT_LOC_STRINGS = NO;
				SWIFT_VERSION = 5.0;
				TARGETED_DEVICE_FAMILY = "1,2";
				TEST_HOST = "$(BUILT_PRODUCTS_DIR)/Tables2023.app/$(BUNDLE_EXECUTABLE_FOLDER_PATH)/Tables2023";
			};
			name = Debug;
		};
		0962B3BE296B43DE00457F09 /* Release */ = {
			isa = XCBuildConfiguration;
			buildSettings = {
				ALWAYS_EMBED_SWIFT_STANDARD_LIBRARIES = YES;
				BUNDLE_LOADER = "$(TEST_HOST)";
				CODE_SIGN_STYLE = Automatic;
				CURRENT_PROJECT_VERSION = 1;
				DEVELOPMENT_TEAM = 4P8A43ABAU;
				GENERATE_INFOPLIST_FILE = YES;
				IPHONEOS_DEPLOYMENT_TARGET = 16.2;
				MARKETING_VERSION = 1.0;
				PRODUCT_BUNDLE_IDENTIFIER = com.mrc.Tables2023Tests;
				PRODUCT_NAME = "$(TARGET_NAME)";
				SWIFT_EMIT_LOC_STRINGS = NO;
				SWIFT_VERSION = 5.0;
				TARGETED_DEVICE_FAMILY = "1,2";
				TEST_HOST = "$(BUILT_PRODUCTS_DIR)/Tables2023.app/$(BUNDLE_EXECUTABLE_FOLDER_PATH)/Tables2023";
			};
			name = Release;
		};
		0962B3C0296B43DE00457F09 /* Debug */ = {
			isa = XCBuildConfiguration;
			buildSettings = {
				ALWAYS_EMBED_SWIFT_STANDARD_LIBRARIES = YES;
				CODE_SIGN_STYLE = Automatic;
				CURRENT_PROJECT_VERSION = 1;
				DEVELOPMENT_TEAM = 4P8A43ABAU;
				GENERATE_INFOPLIST_FILE = YES;
				MARKETING_VERSION = 1.0;
				PRODUCT_BUNDLE_IDENTIFIER = com.mrc.Tables2023UITests;
				PRODUCT_NAME = "$(TARGET_NAME)";
				SWIFT_EMIT_LOC_STRINGS = NO;
				SWIFT_VERSION = 5.0;
				TARGETED_DEVICE_FAMILY = "1,2";
				TEST_TARGET_NAME = Tables2023;
			};
			name = Debug;
		};
		0962B3C1296B43DE00457F09 /* Release */ = {
			isa = XCBuildConfiguration;
			buildSettings = {
				ALWAYS_EMBED_SWIFT_STANDARD_LIBRARIES = YES;
				CODE_SIGN_STYLE = Automatic;
				CURRENT_PROJECT_VERSION = 1;
				DEVELOPMENT_TEAM = 4P8A43ABAU;
				GENERATE_INFOPLIST_FILE = YES;
				MARKETING_VERSION = 1.0;
				PRODUCT_BUNDLE_IDENTIFIER = com.mrc.Tables2023UITests;
				PRODUCT_NAME = "$(TARGET_NAME)";
				SWIFT_EMIT_LOC_STRINGS = NO;
				SWIFT_VERSION = 5.0;
				TARGETED_DEVICE_FAMILY = "1,2";
				TEST_TARGET_NAME = Tables2023;
			};
			name = Release;
		};
/* End XCBuildConfiguration section */

/* Begin XCConfigurationList section */
		0962B38A296B43DD00457F09 /* Build configuration list for PBXProject "Tables2023" */ = {
			isa = XCConfigurationList;
			buildConfigurations = (
				0962B3B7296B43DE00457F09 /* Debug */,
				0962B3B8296B43DE00457F09 /* Release */,
			);
			defaultConfigurationIsVisible = 0;
			defaultConfigurationName = Release;
		};
		0962B3B9296B43DE00457F09 /* Build configuration list for PBXNativeTarget "Tables2023" */ = {
			isa = XCConfigurationList;
			buildConfigurations = (
				0962B3BA296B43DE00457F09 /* Debug */,
				0962B3BB296B43DE00457F09 /* Release */,
			);
			defaultConfigurationIsVisible = 0;
			defaultConfigurationName = Release;
		};
		0962B3BC296B43DE00457F09 /* Build configuration list for PBXNativeTarget "Tables2023Tests" */ = {
			isa = XCConfigurationList;
			buildConfigurations = (
				0962B3BD296B43DE00457F09 /* Debug */,
				0962B3BE296B43DE00457F09 /* Release */,
			);
			defaultConfigurationIsVisible = 0;
			defaultConfigurationName = Release;
		};
		0962B3BF296B43DE00457F09 /* Build configuration list for PBXNativeTarget "Tables2023UITests" */ = {
			isa = XCConfigurationList;
			buildConfigurations = (
				0962B3C0296B43DE00457F09 /* Debug */,
				0962B3C1296B43DE00457F09 /* Release */,
			);
			defaultConfigurationIsVisible = 0;
			defaultConfigurationName = Release;
		};
/* End XCConfigurationList section */
	};
	rootObject = 0962B387296B43DD00457F09 /* Project object */;
}
